
Microsoft Visual Studio Solution File, Format Version 12.00
# Visual Studio Version 17
VisualStudioVersion = 17.5.002.0
MinimumVisualStudioVersion = 10.0.40219.1
Project("{9A19103F-16F7-4668-BE54-9A1E7A4F7556}") = "meetingAPP", "meetingAPP.csproj", "{D2A15943-5C25-4697-B3A7-F4488E1B1C9F}"
EndProject
Global
	GlobalSection(SolutionConfigurationPlatforms) = preSolution
		Debug|Any CPU = Debug|Any CPU
		Release|Any CPU = Release|Any CPU
	EndGlobalSection
	GlobalSection(ProjectConfigurationPlatforms) = postSolution
		{D2A15943-5C25-4697-B3A7-F4488E1B1C9F}.Debug|Any CPU.ActiveCfg = Debug|Any CPU
		{D2A15943-5C25-4697-B3A7-F4488E1B1C9F}.Debug|Any CPU.Build.0 = Debug|Any CPU
		{D2A15943-5C25-4697-B3A7-F4488E1B1C9F}.Release|Any CPU.ActiveCfg = Release|Any CPU
		{D2A15943-5C25-4697-B3A7-F4488E1B1C9F}.Release|Any CPU.Build.0 = Release|Any CPU
	EndGlobalSection
	GlobalSection(SolutionProperties) = preSolution
		HideSolutionNode = FALSE
	EndGlobalSection
	GlobalSection(ExtensibilityGlobals) = postSolution
		SolutionGuid = {E14F1A28-C205-4156-96BA-B5C1D3FD2869}
	EndGlobalSection
EndGlobal
